
Microsoft Visual Studio Solution File, Format Version 11.00
# Visual Studio 2010
Project("{FAE04EC0-301F-11D3-BF4B-00C04F79EFBC}") = "SpecialShootingextreme", "Assembly-CSharp.csproj", "{62420060-4FFA-3592-855D-9F074B3CE216}"
EndProject
Global
	GlobalSection(SolutionConfigurationPlatforms) = preSolution
		Debug|Any CPU = Debug|Any CPU
		Release|Any CPU = Release|Any CPU
	EndGlobalSection
	GlobalSection(ProjectConfigurationPlatforms) = postSolution
		{62420060-4FFA-3592-855D-9F074B3CE216}.Debug|Any CPU.ActiveCfg = Debug|Any CPU
		{62420060-4FFA-3592-855D-9F074B3CE216}.Debug|Any CPU.Build.0 = Debug|Any CPU
		{62420060-4FFA-3592-855D-9F074B3CE216}.Release|Any CPU.ActiveCfg = Release|Any CPU
		{62420060-4FFA-3592-855D-9F074B3CE216}.Release|Any CPU.Build.0 = Release|Any CPU
	EndGlobalSection
	GlobalSection(SolutionProperties) = preSolution
		HideSolutionNode = FALSE
	EndGlobalSection
	GlobalSection(MonoDevelopProperties) = preSolution
		StartupItem = Assembly-CSharp.csproj
	EndGlobalSection
EndGlobal
